
Microsoft Visual Studio Solution File, Format Version 12.00
# Visual Studio 15
VisualStudioVersion = 15.0.27004.2002
MinimumVisualStudioVersion = 10.0.40219.1
Project("{FAE04EC0-301F-11D3-BF4B-00C04F79EFBC}") = "H2_Case_Bank", "H2_Case_Bank\H2_Case_Bank.csproj", "{2954E30D-BA4D-4953-ACF2-75845CDA2AEB}"
EndProject
Project("{2150E333-8FDC-42A3-9474-1A3956D46DE8}") = "Solution Items", "Solution Items", "{5D04630C-6B64-4F6B-9F67-5A4AAC08A052}"
	ProjectSection(SolutionItems) = preProject
		H2_Case_Bank\DBAccount.cs = H2_Case_Bank\DBAccount.cs
	EndProjectSection
EndProject
Global
	GlobalSection(SolutionConfigurationPlatforms) = preSolution
		Debug|Any CPU = Debug|Any CPU
		Release|Any CPU = Release|Any CPU
	EndGlobalSection
	GlobalSection(ProjectConfigurationPlatforms) = postSolution
		{2954E30D-BA4D-4953-ACF2-75845CDA2AEB}.Debug|Any CPU.ActiveCfg = Debug|Any CPU
		{2954E30D-BA4D-4953-ACF2-75845CDA2AEB}.Debug|Any CPU.Build.0 = Debug|Any CPU
		{2954E30D-BA4D-4953-ACF2-75845CDA2AEB}.Release|Any CPU.ActiveCfg = Release|Any CPU
		{2954E30D-BA4D-4953-ACF2-75845CDA2AEB}.Release|Any CPU.Build.0 = Release|Any CPU
	EndGlobalSection
	GlobalSection(SolutionProperties) = preSolution
		HideSolutionNode = FALSE
	EndGlobalSection
	GlobalSection(ExtensibilityGlobals) = postSolution
		SolutionGuid = {82976E5B-8B99-47BF-B397-417D5AD7EBB8}
	EndGlobalSection
EndGlobal
